
Microsoft Visual Studio Solution File, Format Version 12.00
# Visual Studio Version 17
VisualStudioVersion = 17.14.36623.8
MinimumVisualStudioVersion = 10.0.40219.1
Project("{FAE04EC0-301F-11D3-BF4B-00C04F79EFBC}") = "Portfolio.Web", "Portfolio.Web\Portfolio.Web.csproj", "{D9D76B91-F7B1-498B-ADC2-1FE1860E792A}"
EndProject
Project("{FAE04EC0-301F-11D3-BF4B-00C04F79EFBC}") = "Portfolio.Core", "Portfolio.Core\Portfolio.Core.csproj", "{6C6F4E94-43DF-413A-92D7-34F6597DDF50}"
EndProject
Project("{FAE04EC0-301F-11D3-BF4B-00C04F79EFBC}") = "Portfolio.Infrastructure", "Portfolio.Infrastructure\Portfolio.Infrastructure.csproj", "{7440C77C-C68D-49CC-B597-DE354A47FF11}"
EndProject
Project("{FAE04EC0-301F-11D3-BF4B-00C04F79EFBC}") = "Portfolio.API", "Portfolio.API\Portfolio.API.csproj", "{97141F0D-A7CD-47A8-A989-1A1A5F62DE0B}"
EndProject
Project("{2150E333-8FDC-42A3-9474-1A3956D46DE8}") = "Solution Items", "Solution Items", "{8EC462FD-D22E-90A8-E5CE-7E832BA40C5D}"
	ProjectSection(SolutionItems) = preProject
		.dockerignore = .dockerignore
		.env = .env
		.env.example = .env.example
		.gitattributes = .gitattributes
		.gitignore = .gitignore
		docker-compose.yml = docker-compose.yml
		LICENSE = LICENSE
		README.md = README.md
	EndProjectSection
EndProject
Project("{2150E333-8FDC-42A3-9474-1A3956D46DE8}") = "docs", "docs", "{02EA681E-C7D8-13C7-8484-4AC65E1B71E8}"
EndProject
Project("{2150E333-8FDC-42A3-9474-1A3956D46DE8}") = "architecture", "architecture", "{FA58CD5C-2FBC-4CB5-8A68-6C85451BCFEF}"
	ProjectSection(SolutionItems) = preProject
		layers-and-projects.md = layers-and-projects.md
		solution-architecture.md = solution-architecture.md
	EndProjectSection
EndProject
Project("{2150E333-8FDC-42A3-9474-1A3956D46DE8}") = "workflows", "workflows", "{42C92FF5-ECBB-4BDC-8E86-E9FF2CA95E6E}"
	ProjectSection(SolutionItems) = preProject
		ci-cd-pipeline.md = ci-cd-pipeline.md
		git-workflow.md = git-workflow.md
		local-setup-and-running.md = local-setup-and-running.md
	EndProjectSection
EndProject
Project("{2150E333-8FDC-42A3-9474-1A3956D46DE8}") = "diagrams", "diagrams", "{9FFF6F0C-E587-44F5-8419-9CE7006FCF6A}"
EndProject
Global
	GlobalSection(SolutionConfigurationPlatforms) = preSolution
		Debug|Any CPU = Debug|Any CPU
		Release|Any CPU = Release|Any CPU
	EndGlobalSection
	GlobalSection(ProjectConfigurationPlatforms) = postSolution
		{D9D76B91-F7B1-498B-ADC2-1FE1860E792A}.Debug|Any CPU.ActiveCfg = Debug|Any CPU
		{D9D76B91-F7B1-498B-ADC2-1FE1860E792A}.Debug|Any CPU.Build.0 = Debug|Any CPU
		{D9D76B91-F7B1-498B-ADC2-1FE1860E792A}.Release|Any CPU.ActiveCfg = Release|Any CPU
		{D9D76B91-F7B1-498B-ADC2-1FE1860E792A}.Release|Any CPU.Build.0 = Release|Any CPU
		{6C6F4E94-43DF-413A-92D7-34F6597DDF50}.Debug|Any CPU.ActiveCfg = Debug|Any CPU
		{6C6F4E94-43DF-413A-92D7-34F6597DDF50}.Debug|Any CPU.Build.0 = Debug|Any CPU
		{6C6F4E94-43DF-413A-92D7-34F6597DDF50}.Release|Any CPU.ActiveCfg = Release|Any CPU
		{6C6F4E94-43DF-413A-92D7-34F6597DDF50}.Release|Any CPU.Build.0 = Release|Any CPU
		{7440C77C-C68D-49CC-B597-DE354A47FF11}.Debug|Any CPU.ActiveCfg = Debug|Any CPU
		{7440C77C-C68D-49CC-B597-DE354A47FF11}.Debug|Any CPU.Build.0 = Debug|Any CPU
		{7440C77C-C68D-49CC-B597-DE354A47FF11}.Release|Any CPU.ActiveCfg = Release|Any CPU
		{7440C77C-C68D-49CC-B597-DE354A47FF11}.Release|Any CPU.Build.0 = Release|Any CPU
		{97141F0D-A7CD-47A8-A989-1A1A5F62DE0B}.Debug|Any CPU.ActiveCfg = Debug|Any CPU
		{97141F0D-A7CD-47A8-A989-1A1A5F62DE0B}.Debug|Any CPU.Build.0 = Debug|Any CPU
		{97141F0D-A7CD-47A8-A989-1A1A5F62DE0B}.Release|Any CPU.ActiveCfg = Release|Any CPU
		{97141F0D-A7CD-47A8-A989-1A1A5F62DE0B}.Release|Any CPU.Build.0 = Release|Any CPU
	EndGlobalSection
	GlobalSection(SolutionProperties) = preSolution
		HideSolutionNode = FALSE
	EndGlobalSection
	GlobalSection(NestedProjects) = preSolution
		{FA58CD5C-2FBC-4CB5-8A68-6C85451BCFEF} = {02EA681E-C7D8-13C7-8484-4AC65E1B71E8}
		{42C92FF5-ECBB-4BDC-8E86-E9FF2CA95E6E} = {02EA681E-C7D8-13C7-8484-4AC65E1B71E8}
		{9FFF6F0C-E587-44F5-8419-9CE7006FCF6A} = {02EA681E-C7D8-13C7-8484-4AC65E1B71E8}
	EndGlobalSection
	GlobalSection(ExtensibilityGlobals) = postSolution
		SolutionGuid = {F0BB9AC4-4C3B-42C0-AE73-47E530DAD84F}
	EndGlobalSection
EndGlobal
